
Microsoft Visual Studio Solution File, Format Version 12.00
# Visual Studio Version 17
VisualStudioVersion = 17.9.34701.34
MinimumVisualStudioVersion = 10.0.40219.1
Project("{FAE04EC0-301F-11D3-BF4B-00C04F79EFBC}") = "TransactionFileMapper", "TransactionFileMapper\TransactionFileMapper.csproj", "{6FEA2645-9787-4CAE-863D-D23519F8FA7D}"
EndProject
Global
	GlobalSection(SolutionConfigurationPlatforms) = preSolution
		Debug|Any CPU = Debug|Any CPU
		Release|Any CPU = Release|Any CPU
	EndGlobalSection
	GlobalSection(ProjectConfigurationPlatforms) = postSolution
		{6FEA2645-9787-4CAE-863D-D23519F8FA7D}.Debug|Any CPU.ActiveCfg = Debug|Any CPU
		{6FEA2645-9787-4CAE-863D-D23519F8FA7D}.Debug|Any CPU.Build.0 = Debug|Any CPU
		{6FEA2645-9787-4CAE-863D-D23519F8FA7D}.Release|Any CPU.ActiveCfg = Release|Any CPU
		{6FEA2645-9787-4CAE-863D-D23519F8FA7D}.Release|Any CPU.Build.0 = Release|Any CPU
	EndGlobalSection
	GlobalSection(SolutionProperties) = preSolution
		HideSolutionNode = FALSE
	EndGlobalSection
	GlobalSection(ExtensibilityGlobals) = postSolution
		SolutionGuid = {D1FAC121-E00E-451A-8987-F79A72A50AC8}
	EndGlobalSection
EndGlobal
